
Microsoft Visual Studio Solution File, Format Version 12.00
# Visual Studio 15
VisualStudioVersion = 15.0.27703.2042
MinimumVisualStudioVersion = 10.0.40219.1
Project("{FAE04EC0-301F-11D3-BF4B-00C04F79EFBC}") = "weatherAddIn", "weatherAddIn\weatherAddIn.csproj", "{2E12839F-FC20-4242-BA3A-A794BC3AD814}"
EndProject
Global
	GlobalSection(SolutionConfigurationPlatforms) = preSolution
		Debug|Any CPU = Debug|Any CPU
		Release|Any CPU = Release|Any CPU
	EndGlobalSection
	GlobalSection(ProjectConfigurationPlatforms) = postSolution
		{2E12839F-FC20-4242-BA3A-A794BC3AD814}.Debug|Any CPU.ActiveCfg = Debug|Any CPU
		{2E12839F-FC20-4242-BA3A-A794BC3AD814}.Debug|Any CPU.Build.0 = Debug|Any CPU
		{2E12839F-FC20-4242-BA3A-A794BC3AD814}.Release|Any CPU.ActiveCfg = Release|Any CPU
		{2E12839F-FC20-4242-BA3A-A794BC3AD814}.Release|Any CPU.Build.0 = Release|Any CPU
	EndGlobalSection
	GlobalSection(SolutionProperties) = preSolution
		HideSolutionNode = FALSE
	EndGlobalSection
	GlobalSection(ExtensibilityGlobals) = postSolution
		SolutionGuid = {AA6DF098-C81F-47AD-8A14-97B5E90CBD2D}
	EndGlobalSection
EndGlobal
